
Microsoft Visual Studio Solution File, Format Version 12.00
# Visual Studio Version 17
VisualStudioVersion = 17.0.32014.148
MinimumVisualStudioVersion = 10.0.40219.1
Project("{9A19103F-16F7-4668-BE54-9A1E7A4F7556}") = "Client", "Client\Client.csproj", "{10144DF7-613F-4DF3-B07D-12288BFCF4F4}"
EndProject
Project("{9A19103F-16F7-4668-BE54-9A1E7A4F7556}") = "View", "View\View.csproj", "{853C9317-8AC4-40C9-A136-2C6C7FD46AA5}"
EndProject
Project("{9A19103F-16F7-4668-BE54-9A1E7A4F7556}") = "Models", "Models\Models.csproj", "{BD199AE9-7B26-49D0-AC4D-579E951D385B}"
EndProject
Project("{9A19103F-16F7-4668-BE54-9A1E7A4F7556}") = "ViewModels", "ViewModels\ViewModels.csproj", "{561AB6F2-4989-4CAD-8AE8-2F3674D2450F}"
EndProject
Global
	GlobalSection(SolutionConfigurationPlatforms) = preSolution
		Debug|Any CPU = Debug|Any CPU
		Release|Any CPU = Release|Any CPU
	EndGlobalSection
	GlobalSection(ProjectConfigurationPlatforms) = postSolution
		{10144DF7-613F-4DF3-B07D-12288BFCF4F4}.Debug|Any CPU.ActiveCfg = Debug|Any CPU
		{10144DF7-613F-4DF3-B07D-12288BFCF4F4}.Debug|Any CPU.Build.0 = Debug|Any CPU
		{10144DF7-613F-4DF3-B07D-12288BFCF4F4}.Release|Any CPU.ActiveCfg = Release|Any CPU
		{10144DF7-613F-4DF3-B07D-12288BFCF4F4}.Release|Any CPU.Build.0 = Release|Any CPU
		{853C9317-8AC4-40C9-A136-2C6C7FD46AA5}.Debug|Any CPU.ActiveCfg = Debug|Any CPU
		{853C9317-8AC4-40C9-A136-2C6C7FD46AA5}.Debug|Any CPU.Build.0 = Debug|Any CPU
		{853C9317-8AC4-40C9-A136-2C6C7FD46AA5}.Release|Any CPU.ActiveCfg = Release|Any CPU
		{853C9317-8AC4-40C9-A136-2C6C7FD46AA5}.Release|Any CPU.Build.0 = Release|Any CPU
		{BD199AE9-7B26-49D0-AC4D-579E951D385B}.Debug|Any CPU.ActiveCfg = Debug|Any CPU
		{BD199AE9-7B26-49D0-AC4D-579E951D385B}.Debug|Any CPU.Build.0 = Debug|Any CPU
		{BD199AE9-7B26-49D0-AC4D-579E951D385B}.Release|Any CPU.ActiveCfg = Release|Any CPU
		{BD199AE9-7B26-49D0-AC4D-579E951D385B}.Release|Any CPU.Build.0 = Release|Any CPU
		{561AB6F2-4989-4CAD-8AE8-2F3674D2450F}.Debug|Any CPU.ActiveCfg = Debug|Any CPU
		{561AB6F2-4989-4CAD-8AE8-2F3674D2450F}.Debug|Any CPU.Build.0 = Debug|Any CPU
		{561AB6F2-4989-4CAD-8AE8-2F3674D2450F}.Release|Any CPU.ActiveCfg = Release|Any CPU
		{561AB6F2-4989-4CAD-8AE8-2F3674D2450F}.Release|Any CPU.Build.0 = Release|Any CPU
	EndGlobalSection
	GlobalSection(SolutionProperties) = preSolution
		HideSolutionNode = FALSE
	EndGlobalSection
	GlobalSection(ExtensibilityGlobals) = postSolution
		SolutionGuid = {C1A35C84-2B38-48A1-8302-70F38220B58A}
	EndGlobalSection
EndGlobal
