
Microsoft Visual Studio Solution File, Format Version 12.00
# Visual Studio Version 17
VisualStudioVersion = 17.0.32014.148
MinimumVisualStudioVersion = 10.0.40219.1
Project("{FAE04EC0-301F-11D3-BF4B-00C04F79EFBC}") = "ItManager", "ItManager.csproj", "{B43E3E64-A462-4F21-ABB1-1CF6345CDF33}"
EndProject
Global
	GlobalSection(SolutionConfigurationPlatforms) = preSolution
		Debug|Any CPU = Debug|Any CPU
		Release|Any CPU = Release|Any CPU
	EndGlobalSection
	GlobalSection(ProjectConfigurationPlatforms) = postSolution
		{B43E3E64-A462-4F21-ABB1-1CF6345CDF33}.Debug|Any CPU.ActiveCfg = Debug|Any CPU
		{B43E3E64-A462-4F21-ABB1-1CF6345CDF33}.Debug|Any CPU.Build.0 = Debug|Any CPU
		{B43E3E64-A462-4F21-ABB1-1CF6345CDF33}.Release|Any CPU.ActiveCfg = Release|Any CPU
		{B43E3E64-A462-4F21-ABB1-1CF6345CDF33}.Release|Any CPU.Build.0 = Release|Any CPU
	EndGlobalSection
	GlobalSection(SolutionProperties) = preSolution
		HideSolutionNode = FALSE
	EndGlobalSection
	GlobalSection(ExtensibilityGlobals) = postSolution
		SolutionGuid = {AFB300A2-371C-43A4-8305-D87EAD8A978F}
	EndGlobalSection
EndGlobal
